{
    "_readme": [
        "This file locks the dependencies of your project to a known state",
        "Read more about it at https://getcomposer.org/doc/01-basic-usage.md#installing-dependencies",
        "This file is @generated automatically"
    ],
    "content-hash": "d949e651fb87366c1dc1e96440f6c837",
    "packages": [
        {
            "name": "leggettc18/simple-orm",
            "version": "dev-master",
            "source": {
                "type": "git",
                "url": "https://github.com/leggettc18/simple-orm.git",
                "reference": "3eeb2bb71a2ee7d63f6d251bb549ccad9cd34769"
            },
            "dist": {
                "type": "zip",
                "url": "https://api.github.com/repos/leggettc18/simple-orm/zipball/3eeb2bb71a2ee7d63f6d251bb549ccad9cd34769",
                "reference": "3eeb2bb71a2ee7d63f6d251bb549ccad9cd34769",
                "shasum": ""
            },
            "require": {
                "php": ">=7.3.13"
            },
            "type": "package",
            "autoload": {
                "psr-4": {
                    "leggettc18\\SimpleORM\\": "src/"
                }
            },
            "notification-url": "https://packagist.org/downloads/",
            "license": [
                "mit"
            ],
            "authors": [
                {
                    "name": "Christopher Leggett",
                    "email": "chris@leggett.dev",
                    "homepage": "https://leggett.dev"
                }
            ],
            "description": "Simple ORM for PHP",
            "time": "2020-01-29T03:04:48+00:00"
        }
    ],
    "packages-dev": [],
    "aliases": [],
    "minimum-stability": "dev",
    "stability-flags": [],
    "prefer-stable": false,
    "prefer-lowest": false,
    "platform": [],
    "platform-dev": []
}
